PODS:
  - Alamofire (5.2.2)
  - Kingfisher (5.15.8):
    - Kingfisher/Core (= 5.15.8)
  - Kingfisher/Core (5.15.8)
  - MJRefresh (3.5.0)
  - SnapKit (5.0.1)

DEPENDENCIES:
  - Alamofire (~> 5.2.1)
  - Kingfisher (~> 5.14)
  - MJRefresh (~> 3.4)
  - SnapKit (~> 5.0.1)

SPEC REPOS:
  trunk:
    - Alamofire
    - Kingfisher
    - MJRefresh
    - SnapKit

SPEC CHECKSUMS:
  Alamofire: 814429acc853c6c54ff123fc3d2ef66803823ce0
  Kingfisher: a3c03d702433fa6cfedabb2bddbe076fb8f2e902
  MJRefresh: 6afc955813966afb08305477dd7a0d9ad5e79a16
  SnapKit: 97b92857e3df3a0c71833cce143274bf6ef8e5eb

PODFILE CHECKSUM: 47126ae66baeed2c351007297372c0ebe5c0e9ba

COCOAPODS: 1.11.2
