PODS:
  - Alamofire (5.0.2)
  - SnapKit (5.0.1)

DEPENDENCIES:
  - Alamofire (~> 5.0.2)
  - SnapKit (~> 5.0.1)

SPEC REPOS:
  trunk:
    - Alamofire
    - SnapKit

SPEC CHECKSUMS:
  Alamofire: 3ba7a4db18b4f62c4a1c0e1cb39d7f3d52e10ada
  SnapKit: 97b92857e3df3a0c71833cce143274bf6ef8e5eb

PODFILE CHECKSUM: 6ed9577ec4e67f7a35ea0ff9db8a344dc1aecfb6

COCOAPODS: 1.9.0
